# THIS IS AN AUTOGENERATED FILE. DO NOT EDIT THIS FILE DIRECTLY.
# yarn lockfile v1


renaissance-append-html@^0.1.1:
  version "0.1.1"
  resolved "http://npm.addefend.com/renaissance-append-html/-/renaissance-append-html-0.1.1.tgz#3efc108b47167036b85d746b37a2e8a1dfa015d1"
  dependencies:
    renaissance "^0.2.1"
    requirejs "^2.3.3"
    requirejs-text "^2.0.15"

renaissance-local-storage@^0.1.1:
  version "0.1.1"
  resolved "https://registry.yarnpkg.com/renaissance-local-storage/-/renaissance-local-storage-0.1.1.tgz#1126e46d3509055dba857c75a1020c826e8203cd"
  dependencies:
    renaissance "^0.2.1"
    requirejs "^2.3.3"
    requirejs-text "^2.0.15"

renaissance-test-html-reporter@^0.1.2:
  version "0.1.2"
  resolved "http://npm.addefend.com/renaissance-test-html-reporter/-/renaissance-test-html-reporter-0.1.2.tgz#39b96d4ce9f2e5d69b5e701e4d1cf01580014db4"
  dependencies:
    renaissance "^0.3.0"
    renaissance-append-html "^0.1.1"
    renaissance-test "^0.1.0"

renaissance-test@^0.1.0:
  version "0.1.0"
  resolved "http://npm.addefend.com/renaissance-test/-/renaissance-test-0.1.0.tgz#b79d4a2c02bb8e71648ef02f6ad0495dfdcc07b4"
  dependencies:
    renaissance "^0.3.0"

renaissance@^0.2.1:
  version "0.2.1"
  resolved "http://npm.addefend.com/renaissance/-/renaissance-0.2.1.tgz#9aa5be7ff305a6c4dd19133967a02974d4f15229"
  dependencies:
    requirejs "^2.3.3"
    requirejs-text "^2.0.15"

renaissance@^0.3.0:
  version "0.3.1"
  resolved "http://npm.addefend.com/renaissance/-/renaissance-0.3.1.tgz#162472b2beb582925810f92b5991f6564e506555"
  dependencies:
    renaissance-append-html "^0.1.1"
    requirejs "^2.3.3"
    requirejs-text "^2.0.15"

requirejs-text@^2.0.15:
  version "2.0.15"
  resolved "http://npm.addefend.com/requirejs-text/-/requirejs-text-2.0.15.tgz#13138733613fc4457b7e1247e8cb751df7aa5429"

requirejs@^2.3.3:
  version "2.3.3"
  resolved "http://npm.addefend.com/requirejs/-/requirejs-2.3.3.tgz#aa59fd3a0287eaf407959a138228044b5dd6a6a3"
